<Solution>
  <Folder Name="/Task0/">
    <Project Path="Tyuiu.PlehanovaKA.Sprint1.Task0.V10.Lib/Tyuiu.PlehanovaKA.Sprint1.Task0.V10.Lib.csproj" />
    <Project Path="Tyuiu.PlehanovaKA.Sprint1.Task0.V10.Test/Tyuiu.PlehanovaKA.Sprint1.Task0.V10.Test.csproj" />
    <Project Path="Tyuiu.PlehanovaKA.Sprint1.Task0.V10/Tyuiu.PlehanovaKA.Sprint1.Task0.V10.csproj" />
  </Folder>
  <Folder Name="/Task1/">
    <Project Path="Tyuiu.PlehanovaKA.Sprint1.Task1.V25.Lib/Tyuiu.PlehanovaKA.Sprint1.Task1.V25.Lib.csproj" Id="12f2f1a7-20fb-4b9c-8a92-caa7bee6b5f2" />
    <Project Path="Tyuiu.PlehanovaKA.Sprint1.Task1.V25.Test/Tyuiu.PlehanovaKA.Sprint1.Task1.V25.Test.csproj" Id="274f7fb3-5c49-456a-9a8a-8de68bb44012" />
    <Project Path="Tyuiu.PlehanovaKA.Sprint1.Task1.V25/Tyuiu.PlehanovaKA.Sprint1.Task1.V25.csproj" Id="fd4afab3-68bd-4a67-933a-a4efac86cf8c" />
  </Folder>
  <Folder Name="/Task2/">
    <Project Path="Tyuiu.PlehanovaKA.Sprint1.Task2.V17.Lib/Tyuiu.PlehanovaKA.Sprint1.Task2.V17.Lib.csproj" Id="994bf889-47cd-49d1-96e8-5be6fe501a32" />
    <Project Path="Tyuiu.PlehanovaKA.Sprint1.Task2.V17.Test/Tyuiu.PlehanovaKA.Sprint1.Task2.V17.Test.csproj" Id="6077b5f9-cb7a-45c4-aed7-25f2fb0eb325" />
    <Project Path="Tyuiu.PlehanovaKA.Sprint1.Task2.V17/Tyuiu.PlehanovaKA.Sprint1.Task2.V17.csproj" Id="a315cba8-1fb2-47b1-82de-d3ad4e632d9d" />
  </Folder>
  <Folder Name="/Task3/">
    <Project Path="Tyuiu.PlehanovaKA.Sprint1.Task3.V15.Lib/Tyuiu.PlehanovaKA.Sprint1.Task3.V15.Lib.csproj" Id="1f31812e-2ea8-49e7-817d-773d9cff35ef" />
    <Project Path="Tyuiu.PlehanovaKA.Sprint1.Task3.V15.Test/Tyuiu.PlehanovaKA.Sprint1.Task3.V15.Test.csproj" Id="6a3da733-db86-4f82-b13b-b53a2e9d0872" />
    <Project Path="Tyuiu.PlehanovaKA.Sprint1.Task3.V15/Tyuiu.PlehanovaKA.Sprint1.Task3.V15.csproj" Id="f053036f-188d-4e80-8cfa-fcaa94246792" />
  </Folder>
  <Folder Name="/Task4/">
    <Project Path="Tyuiu.PlehanovaKA.Sprint1.Task4.V13.Lib/Tyuiu.PlehanovaKA.Sprint1.Task4.V13.Lib.csproj" Id="dbd682a9-ce54-4b8a-a137-2286dc7095e7" />
    <Project Path="Tyuiu.PlehanovaKA.Sprint1.Task4.V13.Test/Tyuiu.PlehanovaKA.Sprint1.Task4.V13.Test.csproj" Id="a949515d-5854-40c6-a114-395d6482354c" />
    <Project Path="Tyuiu.PlehanovaKA.Sprint1.Task4.V13/Tyuiu.PlehanovaKA.Sprint1.Task4.V13.csproj" Id="17d7625e-20d2-468e-b8ed-0b9b43a69881" />
  </Folder>
  <Folder Name="/Task5/">
    <Project Path="Tyuiu.PlehanovaKA.Sprint1.Task5.V7.Lib/Tyuiu.PlehanovaKA.Sprint1.Task5.V7.Lib.csproj" Id="7fdcff9f-0247-43cb-ad02-b8554c286896" />
    <Project Path="Tyuiu.PlehanovaKA.Sprint1.Task5.V7.Test/Tyuiu.PlehanovaKA.Sprint1.Task5.V7.Test.csproj" Id="d0864962-19d3-437e-9872-b172ee57bd48" />
    <Project Path="Tyuiu.PlehanovaKA.Sprint1.Task5.V7/Tyuiu.PlehanovaKA.Sprint1.Task5.V7.csproj" Id="80f92c18-b27d-4a00-81c9-36c4c2d97eeb" />
  </Folder>
  <Folder Name="/Task6/">
    <Project Path="Tyuiu.PlehanovaKA.Sprint1.Task6.V16.Lib/Tyuiu.PlehanovaKA.Sprint1.Task6.V16.Lib.csproj" Id="eb3a6c73-2503-42c0-91cf-ade326a0efc5" />
    <Project Path="Tyuiu.PlehanovaKA.Sprint1.Task6.V16.Test/Tyuiu.PlehanovaKA.Sprint1.Task6.V16.Test.csproj" Id="b17b4c22-6f6b-474e-ab9c-a8c990dbc0cf" />
    <Project Path="Tyuiu.PlehanovaKA.Sprint1.Task6.V16/Tyuiu.PlehanovaKA.Sprint1.Task6.V16.csproj" Id="9e4d3c96-dcd6-45e0-8051-d81d228dbc58" />
  </Folder>
</Solution>
