<Solution>
  <Folder Name="/Task0/">
    <Project Path="Tyuiu.PlehanovaKA.Sprint1.Task0.V10.Lib/Tyuiu.PlehanovaKA.Sprint1.Task0.V10.Lib.csproj" />
    <Project Path="Tyuiu.PlehanovaKA.Sprint1.Task0.V10.Test/Tyuiu.PlehanovaKA.Sprint1.Task0.V10.Test.csproj" />
    <Project Path="Tyuiu.PlehanovaKA.Sprint1.Task0.V10/Tyuiu.PlehanovaKA.Sprint1.Task0.V10.csproj" />
  </Folder>
  <Folder Name="/Task1/">
    <Project Path="Tyuiu.PlehanovaKA.Sprint1.Task1.V25.Lib/Tyuiu.PlehanovaKA.Sprint1.Task1.V25.Lib.csproj" Id="12f2f1a7-20fb-4b9c-8a92-caa7bee6b5f2" />
    <Project Path="Tyuiu.PlehanovaKA.Sprint1.Task1.V25.Test/Tyuiu.PlehanovaKA.Sprint1.Task1.V25.Test.csproj" Id="274f7fb3-5c49-456a-9a8a-8de68bb44012" />
    <Project Path="Tyuiu.PlehanovaKA.Sprint1.Task1.V25/Tyuiu.PlehanovaKA.Sprint1.Task1.V25.csproj" Id="fd4afab3-68bd-4a67-933a-a4efac86cf8c" />
  </Folder>
  <Folder Name="/Task2/">
    <Project Path="Tyuiu.PlehanovaKA.Sprint1.Task2.V17.Lib/Tyuiu.PlehanovaKA.Sprint1.Task2.V17.Lib.csproj" Id="994bf889-47cd-49d1-96e8-5be6fe501a32" />
    <Project Path="Tyuiu.PlehanovaKA.Sprint1.Task2.V17.Test/Tyuiu.PlehanovaKA.Sprint1.Task2.V17.Test.csproj" Id="6077b5f9-cb7a-45c4-aed7-25f2fb0eb325" />
    <Project Path="Tyuiu.PlehanovaKA.Sprint1.Task2.V17/Tyuiu.PlehanovaKA.Sprint1.Task2.V17.csproj" Id="a315cba8-1fb2-47b1-82de-d3ad4e632d9d" />
  </Folder>
  <Folder Name="/Task3/">
    <Project Path="Tyuiu.PlehanovaKA.Sprint1.Task3.V15.Lib/Tyuiu.PlehanovaKA.Sprint1.Task3.V15.Lib.csproj" Id="1f31812e-2ea8-49e7-817d-773d9cff35ef" />
    <Project Path="Tyuiu.PlehanovaKA.Sprint1.Task3.V15.Test/Tyuiu.PlehanovaKA.Sprint1.Task3.V15.Test.csproj" Id="6a3da733-db86-4f82-b13b-b53a2e9d0872" />
    <Project Path="Tyuiu.PlehanovaKA.Sprint1.Task3.V15/Tyuiu.PlehanovaKA.Sprint1.Task3.V15.csproj" Id="f053036f-188d-4e80-8cfa-fcaa94246792" />
  </Folder>
</Solution>
